// !$*UTF8*$!
{
	archiveVersion = 1;
	classes = {
	};
	objectVersion = 46;
	objects = {

/* Begin PBXBuildFile section */
		7F0534EB19A1801E008CCDD9 /* JJVPreviewViewController.xib in Resources */ = {isa = PBXBuildFile; fileRef = 7F0534EA19A1801E008CCDD9 /* JJVPreviewViewController.xib */; };
		7F0534ED19A1B187008CCDD9 /* JJVPreviewViewController_iPad-landscape.xib in Resources */ = {isa = PBXBuildFile; fileRef = 7F0534EC19A1B187008CCDD9 /* JJVPreviewViewController_iPad-landscape.xib */; };
		7F0798BB195BBE8500D022A0 /* JJVStoryItem.m in Sources */ = {isa = PBXBuildFile; fileRef = 7F0798BA195BBE8500D022A0 /* JJVStoryItem.m */; };
		7F0798BE195BC28800D022A0 /* JJVStoryItemStore.m in Sources */ = {isa = PBXBuildFile; fileRef = 7F0798BD195BC28800D022A0 /* JJVStoryItemStore.m */; };
		7F13FD2619C3A798005649FD /* Social.framework in Frameworks */ = {isa = PBXBuildFile; fileRef = 7F13FD2519C3A798005649FD /* Social.framework */; };
		7F13FD2819C3A7A8005649FD /* Accounts.framework in Frameworks */ = {isa = PBXBuildFile; fileRef = 7F13FD2719C3A7A8005649FD /* Accounts.framework */; };
		7F13FD2A19C3A8D2005649FD /* FacebookSDK.framework in Frameworks */ = {isa = PBXBuildFile; fileRef = 7F13FD2919C3A8D2005649FD /* FacebookSDK.framework */; };
		7F1A940319985D350057873B /* JJVPreviewViewController_iphone4.xib in Resources */ = {isa = PBXBuildFile; fileRef = 7F1A940219985D350057873B /* JJVPreviewViewController_iphone4.xib */; };
		7F2B33C91968BAC1006888CC /* JJVReaderViewController.m in Sources */ = {isa = PBXBuildFile; fileRef = 7F2B33C71968BAC1006888CC /* JJVReaderViewController.m */; };
		7F2B33CA1968BAC1006888CC /* JJVReaderViewController.xib in Resources */ = {isa = PBXBuildFile; fileRef = 7F2B33C81968BAC1006888CC /* JJVReaderViewController.xib */; };
		7F2B33D01968E734006888CC /* JJVPageModelController.m in Sources */ = {isa = PBXBuildFile; fileRef = 7F2B33CF1968E734006888CC /* JJVPageModelController.m */; };
		7F2B33D81968EE62006888CC /* JJVPageRootViewController.m in Sources */ = {isa = PBXBuildFile; fileRef = 7F2B33D71968EE62006888CC /* JJVPageRootViewController.m */; };
		7F61DE541991A02E00C90C83 /* JJVEventsTableViewController.m in Sources */ = {isa = PBXBuildFile; fileRef = 7F61DE531991A02E00C90C83 /* JJVEventsTableViewController.m */; };
		7F61DE571991A05600C90C83 /* JJVEventItem.m in Sources */ = {isa = PBXBuildFile; fileRef = 7F61DE561991A05600C90C83 /* JJVEventItem.m */; };
		7F67D13E1996B92A002743E5 /* JJVMapViewController.m in Sources */ = {isa = PBXBuildFile; fileRef = 7F67D13C1996B92A002743E5 /* JJVMapViewController.m */; };
		7F67D13F1996B92A002743E5 /* JJVMapViewController.xib in Resources */ = {isa = PBXBuildFile; fileRef = 7F67D13D1996B92A002743E5 /* JJVMapViewController.xib */; };
		7F685A25199321A9003E9177 /* JJVPreviewViewController.m in Sources */ = {isa = PBXBuildFile; fileRef = 7F685A23199321A9003E9177 /* JJVPreviewViewController.m */; };
		7F685A2919941C4F003E9177 /* JJVEventsTableViewController.xib in Resources */ = {isa = PBXBuildFile; fileRef = 7F685A2819941C4F003E9177 /* JJVEventsTableViewController.xib */; };
		7F98B3061954E5CE00C1A344 /* Foundation.framework in Frameworks */ = {isa = PBXBuildFile; fileRef = 7F98B3051954E5CE00C1A344 /* Foundation.framework */; };
		7F98B3081954E5CE00C1A344 /* CoreGraphics.framework in Frameworks */ = {isa = PBXBuildFile; fileRef = 7F98B3071954E5CE00C1A344 /* CoreGraphics.framework */; };
		7F98B30A1954E5CE00C1A344 /* UIKit.framework in Frameworks */ = {isa = PBXBuildFile; fileRef = 7F98B3091954E5CE00C1A344 /* UIKit.framework */; };
		7F98B3101954E5CE00C1A344 /* InfoPlist.strings in Resources */ = {isa = PBXBuildFile; fileRef = 7F98B30E1954E5CE00C1A344 /* InfoPlist.strings */; };
		7F98B3121954E5CE00C1A344 /* main.m in Sources */ = {isa = PBXBuildFile; fileRef = 7F98B3111954E5CE00C1A344 /* main.m */; };
		7F98B3161954E5CE00C1A344 /* JJVAppDelegate.m in Sources */ = {isa = PBXBuildFile; fileRef = 7F98B3151954E5CE00C1A344 /* JJVAppDelegate.m */; };
		7F98B3181954E5CE00C1A344 /* Images.xcassets in Resources */ = {isa = PBXBuildFile; fileRef = 7F98B3171954E5CE00C1A344 /* Images.xcassets */; };
		7F98B31F1954E5CE00C1A344 /* XCTest.framework in Frameworks */ = {isa = PBXBuildFile; fileRef = 7F98B31E1954E5CE00C1A344 /* XCTest.framework */; };
		7F98B3201954E5CE00C1A344 /* Foundation.framework in Frameworks */ = {isa = PBXBuildFile; fileRef = 7F98B3051954E5CE00C1A344 /* Foundation.framework */; };
		7F98B3211954E5CE00C1A344 /* UIKit.framework in Frameworks */ = {isa = PBXBuildFile; fileRef = 7F98B3091954E5CE00C1A344 /* UIKit.framework */; };
		7F98B3291954E5CE00C1A344 /* InfoPlist.strings in Resources */ = {isa = PBXBuildFile; fileRef = 7F98B3271954E5CE00C1A344 /* InfoPlist.strings */; };
		7F98B32B1954E5CE00C1A344 /* KnightNewsTests.m in Sources */ = {isa = PBXBuildFile; fileRef = 7F98B32A1954E5CE00C1A344 /* KnightNewsTests.m */; };
		7F98B3361954E61A00C1A344 /* JJVNewsTableViewController.m in Sources */ = {isa = PBXBuildFile; fileRef = 7F98B3351954E61A00C1A344 /* JJVNewsTableViewController.m */; };
		7FA25308199FB3CE0069F2AB /* JJVPreviewViewController_iPad.xib in Resources */ = {isa = PBXBuildFile; fileRef = 7FA25307199FB3CE0069F2AB /* JJVPreviewViewController_iPad.xib */; };
		7FA2530C199FBDFA0069F2AB /* JJVWebViewController.m in Sources */ = {isa = PBXBuildFile; fileRef = 7FA2530A199FBDFA0069F2AB /* JJVWebViewController.m */; };
		7FA2530D199FBDFA0069F2AB /* JJVWebViewController.xib in Resources */ = {isa = PBXBuildFile; fileRef = 7FA2530B199FBDFA0069F2AB /* JJVWebViewController.xib */; };
		7FCF43551992B56C00D2087C /* JJVEventsTableViewCell.m in Sources */ = {isa = PBXBuildFile; fileRef = 7FCF43531992B56C00D2087C /* JJVEventsTableViewCell.m */; };
		7FCF43561992B56C00D2087C /* JJVEventsTableViewCell.xib in Resources */ = {isa = PBXBuildFile; fileRef = 7FCF43541992B56C00D2087C /* JJVEventsTableViewCell.xib */; };
		7FCFED0F19C3A281003EA65D /* Parse.framework in Frameworks */ = {isa = PBXBuildFile; fileRef = 7FCFED0E19C3A281003EA65D /* Parse.framework */; };
		7FCFED1119C3A321003EA65D /* AudioToolbox.framework in Frameworks */ = {isa = PBXBuildFile; fileRef = 7FCFED1019C3A321003EA65D /* AudioToolbox.framework */; };
		7FCFED1319C3A32C003EA65D /* CFNetwork.framework in Frameworks */ = {isa = PBXBuildFile; fileRef = 7FCFED1219C3A32C003EA65D /* CFNetwork.framework */; };
		7FCFED1519C3A33A003EA65D /* CoreLocation.framework in Frameworks */ = {isa = PBXBuildFile; fileRef = 7FCFED1419C3A33A003EA65D /* CoreLocation.framework */; };
		7FCFED1719C3A345003EA65D /* libz.dylib in Frameworks */ = {isa = PBXBuildFile; fileRef = 7FCFED1619C3A345003EA65D /* libz.dylib */; };
		7FCFED1919C3A350003EA65D /* MobileCoreServices.framework in Frameworks */ = {isa = PBXBuildFile; fileRef = 7FCFED1819C3A350003EA65D /* MobileCoreServices.framework */; };
		7FCFED1B19C3A356003EA65D /* QuartzCore.framework in Frameworks */ = {isa = PBXBuildFile; fileRef = 7FCFED1A19C3A356003EA65D /* QuartzCore.framework */; };
		7FCFED1D19C3A35B003EA65D /* Security.framework in Frameworks */ = {isa = PBXBuildFile; fileRef = 7FCFED1C19C3A35B003EA65D /* Security.framework */; };
		7FCFED1F19C3A361003EA65D /* StoreKit.framework in Frameworks */ = {isa = PBXBuildFile; fileRef = 7FCFED1E19C3A361003EA65D /* StoreKit.framework */; };
		7FCFED2119C3A369003EA65D /* SystemConfiguration.framework in Frameworks */ = {isa = PBXBuildFile; fileRef = 7FCFED2019C3A369003EA65D /* SystemConfiguration.framework */; };
		7FF95888199479AA0029D39D /* JJVSportsViewController.m in Sources */ = {isa = PBXBuildFile; fileRef = 7FF95886199479AA0029D39D /* JJVSportsViewController.m */; };
		7FF95889199479AA0029D39D /* JJVSportsViewController.xib in Resources */ = {isa = PBXBuildFile; fileRef = 7FF95887199479AA0029D39D /* JJVSportsViewController.xib */; };
		B5967AF94EE24B619635321E /* libPods-KnightNews.a in Frameworks */ = {isa = PBXBuildFile; fileRef = 1B6995472A89423EA9451C68 /* libPods-KnightNews.a */; };
/* End PBXBuildFile section */

/* Begin PBXContainerItemProxy section */
		7F98B3221954E5CE00C1A344 /* PBXContainerItemProxy */ = {
			isa = PBXContainerItemProxy;
			containerPortal = 7F98B2FA1954E5CE00C1A344 /* Project object */;
			proxyType = 1;
			remoteGlobalIDString = 7F98B3011954E5CE00C1A344;
			remoteInfo = KnightNews;
		};
/* End PBXContainerItemProxy section */

/* Begin PBXFileReference section */
		1B6995472A89423EA9451C68 /* libPods-KnightNews.a */ = {isa = PBXFileReference; explicitFileType = archive.ar; includeInIndex = 0; path = "libPods-KnightNews.a"; sourceTree = BUILT_PRODUCTS_DIR; };
		204D10E97C3B476089833AD6 /* Pods-KnightNews.xcconfig */ = {isa = PBXFileReference; includeInIndex = 1; lastKnownFileType = text.xcconfig; name = "Pods-KnightNews.xcconfig"; path = "Pods/Pods-KnightNews.xcconfig"; sourceTree = "<group>"; };
		7F0534EA19A1801E008CCDD9 /* JJVPreviewViewController.xib */ = {isa = PBXFileReference; fileEncoding = 4; lastKnownFileType = file.xib; path = JJVPreviewViewController.xib; sourceTree = "<group>"; };
		7F0534EC19A1B187008CCDD9 /* JJVPreviewViewController_iPad-landscape.xib */ = {isa = PBXFileReference; fileEncoding = 4; lastKnownFileType = file.xib; path = "JJVPreviewViewController_iPad-landscape.xib"; sourceTree = "<group>"; };
		7F0798B9195BBE8500D022A0 /* JJVStoryItem.h */ = {isa = PBXFileReference; fileEncoding = 4; lastKnownFileType = sourcecode.c.h; path = JJVStoryItem.h; sourceTree = "<group>"; };
		7F0798BA195BBE8500D022A0 /* JJVStoryItem.m */ = {isa = PBXFileReference; fileEncoding = 4; lastKnownFileType = sourcecode.c.objc; path = JJVStoryItem.m; sourceTree = "<group>"; };
		7F0798BC195BC28800D022A0 /* JJVStoryItemStore.h */ = {isa = PBXFileReference; fileEncoding = 4; lastKnownFileType = sourcecode.c.h; path = JJVStoryItemStore.h; sourceTree = "<group>"; };
		7F0798BD195BC28800D022A0 /* JJVStoryItemStore.m */ = {isa = PBXFileReference; fileEncoding = 4; lastKnownFileType = sourcecode.c.objc; path = JJVStoryItemStore.m; sourceTree = "<group>"; };
		7F13FD2519C3A798005649FD /* Social.framework */ = {isa = PBXFileReference; lastKnownFileType = wrapper.framework; name = Social.framework; path = System/Library/Frameworks/Social.framework; sourceTree = SDKROOT; };
		7F13FD2719C3A7A8005649FD /* Accounts.framework */ = {isa = PBXFileReference; lastKnownFileType = wrapper.framework; name = Accounts.framework; path = System/Library/Frameworks/Accounts.framework; sourceTree = SDKROOT; };
		7F13FD2919C3A8D2005649FD /* FacebookSDK.framework */ = {isa = PBXFileReference; lastKnownFileType = wrapper.framework; path = FacebookSDK.framework; sourceTree = "<group>"; };
		7F1A940219985D350057873B /* JJVPreviewViewController_iphone4.xib */ = {isa = PBXFileReference; fileEncoding = 4; lastKnownFileType = file.xib; path = JJVPreviewViewController_iphone4.xib; sourceTree = "<group>"; };
		7F2B33C61968BAC1006888CC /* JJVReaderViewController.h */ = {isa = PBXFileReference; fileEncoding = 4; lastKnownFileType = sourcecode.c.h; path = JJVReaderViewController.h; sourceTree = "<group>"; };
		7F2B33C71968BAC1006888CC /* JJVReaderViewController.m */ = {isa = PBXFileReference; fileEncoding = 4; lastKnownFileType = sourcecode.c.objc; path = JJVReaderViewController.m; sourceTree = "<group>"; };
		7F2B33C81968BAC1006888CC /* JJVReaderViewController.xib */ = {isa = PBXFileReference; fileEncoding = 4; lastKnownFileType = file.xib; path = JJVReaderViewController.xib; sourceTree = "<group>"; };
		7F2B33CE1968E734006888CC /* JJVPageModelController.h */ = {isa = PBXFileReference; fileEncoding = 4; lastKnownFileType = sourcecode.c.h; path = JJVPageModelController.h; sourceTree = "<group>"; };
		7F2B33CF1968E734006888CC /* JJVPageModelController.m */ = {isa = PBXFileReference; fileEncoding = 4; lastKnownFileType = sourcecode.c.objc; path = JJVPageModelController.m; sourceTree = "<group>"; };
		7F2B33D61968EE62006888CC /* JJVPageRootViewController.h */ = {isa = PBXFileReference; fileEncoding = 4; lastKnownFileType = sourcecode.c.h; path = JJVPageRootViewController.h; sourceTree = "<group>"; };
		7F2B33D71968EE62006888CC /* JJVPageRootViewController.m */ = {isa = PBXFileReference; fileEncoding = 4; lastKnownFileType = sourcecode.c.objc; path = JJVPageRootViewController.m; sourceTree = "<group>"; };
		7F61DE521991A02E00C90C83 /* JJVEventsTableViewController.h */ = {isa = PBXFileReference; fileEncoding = 4; lastKnownFileType = sourcecode.c.h; path = JJVEventsTableViewController.h; sourceTree = "<group>"; };
		7F61DE531991A02E00C90C83 /* JJVEventsTableViewController.m */ = {isa = PBXFileReference; fileEncoding = 4; lastKnownFileType = sourcecode.c.objc; path = JJVEventsTableViewController.m; sourceTree = "<group>"; };
		7F61DE551991A05600C90C83 /* JJVEventItem.h */ = {isa = PBXFileReference; fileEncoding = 4; lastKnownFileType = sourcecode.c.h; path = JJVEventItem.h; sourceTree = "<group>"; };
		7F61DE561991A05600C90C83 /* JJVEventItem.m */ = {isa = PBXFileReference; fileEncoding = 4; lastKnownFileType = sourcecode.c.objc; path = JJVEventItem.m; sourceTree = "<group>"; };
		7F67D13B1996B92A002743E5 /* JJVMapViewController.h */ = {isa = PBXFileReference; fileEncoding = 4; lastKnownFileType = sourcecode.c.h; path = JJVMapViewController.h; sourceTree = "<group>"; };
		7F67D13C1996B92A002743E5 /* JJVMapViewController.m */ = {isa = PBXFileReference; fileEncoding = 4; lastKnownFileType = sourcecode.c.objc; path = JJVMapViewController.m; sourceTree = "<group>"; };
		7F67D13D1996B92A002743E5 /* JJVMapViewController.xib */ = {isa = PBXFileReference; fileEncoding = 4; lastKnownFileType = file.xib; path = JJVMapViewController.xib; sourceTree = "<group>"; };
		7F685A22199321A9003E9177 /* JJVPreviewViewController.h */ = {isa = PBXFileReference; fileEncoding = 4; lastKnownFileType = sourcecode.c.h; path = JJVPreviewViewController.h; sourceTree = "<group>"; };
		7F685A23199321A9003E9177 /* JJVPreviewViewController.m */ = {isa = PBXFileReference; fileEncoding = 4; lastKnownFileType = sourcecode.c.objc; path = JJVPreviewViewController.m; sourceTree = "<group>"; };
		7F685A271993DCB6003E9177 /* Constants.h */ = {isa = PBXFileReference; lastKnownFileType = sourcecode.c.h; path = Constants.h; sourceTree = "<group>"; };
		7F685A2819941C4F003E9177 /* JJVEventsTableViewController.xib */ = {isa = PBXFileReference; fileEncoding = 4; lastKnownFileType = file.xib; path = JJVEventsTableViewController.xib; sourceTree = "<group>"; };
		7F98B3021954E5CE00C1A344 /* KnightNews.app */ = {isa = PBXFileReference; explicitFileType = wrapper.application; includeInIndex = 0; path = KnightNews.app; sourceTree = BUILT_PRODUCTS_DIR; };
		7F98B3051954E5CE00C1A344 /* Foundation.framework */ = {isa = PBXFileReference; lastKnownFileType = wrapper.framework; name = Foundation.framework; path = System/Library/Frameworks/Foundation.framework; sourceTree = SDKROOT; };
		7F98B3071954E5CE00C1A344 /* CoreGraphics.framework */ = {isa = PBXFileReference; lastKnownFileType = wrapper.framework; name = CoreGraphics.framework; path = System/Library/Frameworks/CoreGraphics.framework; sourceTree = SDKROOT; };
		7F98B3091954E5CE00C1A344 /* UIKit.framework */ = {isa = PBXFileReference; lastKnownFileType = wrapper.framework; name = UIKit.framework; path = System/Library/Frameworks/UIKit.framework; sourceTree = SDKROOT; };
		7F98B30D1954E5CE00C1A344 /* KnightNews-Info.plist */ = {isa = PBXFileReference; lastKnownFileType = text.plist.xml; path = "KnightNews-Info.plist"; sourceTree = "<group>"; };
		7F98B30F1954E5CE00C1A344 /* en */ = {isa = PBXFileReference; lastKnownFileType = text.plist.strings; name = en; path = en.lproj/InfoPlist.strings; sourceTree = "<group>"; };
		7F98B3111954E5CE00C1A344 /* main.m */ = {isa = PBXFileReference; lastKnownFileType = sourcecode.c.objc; path = main.m; sourceTree = "<group>"; };
		7F98B3131954E5CE00C1A344 /* KnightNews-Prefix.pch */ = {isa = PBXFileReference; lastKnownFileType = sourcecode.c.h; path = "KnightNews-Prefix.pch"; sourceTree = "<group>"; };
		7F98B3141954E5CE00C1A344 /* JJVAppDelegate.h */ = {isa = PBXFileReference; lastKnownFileType = sourcecode.c.h; path = JJVAppDelegate.h; sourceTree = "<group>"; };
		7F98B3151954E5CE00C1A344 /* JJVAppDelegate.m */ = {isa = PBXFileReference; lastKnownFileType = sourcecode.c.objc; path = JJVAppDelegate.m; sourceTree = "<group>"; };
		7F98B3171954E5CE00C1A344 /* Images.xcassets */ = {isa = PBXFileReference; lastKnownFileType = folder.assetcatalog; path = Images.xcassets; sourceTree = "<group>"; };
		7F98B31D1954E5CE00C1A344 /* KnightNewsTests.xctest */ = {isa = PBXFileReference; explicitFileType = wrapper.cfbundle; includeInIndex = 0; path = KnightNewsTests.xctest; sourceTree = BUILT_PRODUCTS_DIR; };
		7F98B31E1954E5CE00C1A344 /* XCTest.framework */ = {isa = PBXFileReference; lastKnownFileType = wrapper.framework; name = XCTest.framework; path = Library/Frameworks/XCTest.framework; sourceTree = DEVELOPER_DIR; };
		7F98B3261954E5CE00C1A344 /* KnightNewsTests-Info.plist */ = {isa = PBXFileReference; lastKnownFileType = text.plist.xml; path = "KnightNewsTests-Info.plist"; sourceTree = "<group>"; };
		7F98B3281954E5CE00C1A344 /* en */ = {isa = PBXFileReference; lastKnownFileType = text.plist.strings; name = en; path = en.lproj/InfoPlist.strings; sourceTree = "<group>"; };
		7F98B32A1954E5CE00C1A344 /* KnightNewsTests.m */ = {isa = PBXFileReference; lastKnownFileType = sourcecode.c.objc; path = KnightNewsTests.m; sourceTree = "<group>"; };
		7F98B3341954E61A00C1A344 /* JJVNewsTableViewController.h */ = {isa = PBXFileReference; fileEncoding = 4; lastKnownFileType = sourcecode.c.h; path = JJVNewsTableViewController.h; sourceTree = "<group>"; };
		7F98B3351954E61A00C1A344 /* JJVNewsTableViewController.m */ = {isa = PBXFileReference; fileEncoding = 4; lastKnownFileType = sourcecode.c.objc; path = JJVNewsTableViewController.m; sourceTree = "<group>"; };
		7FA25307199FB3CE0069F2AB /* JJVPreviewViewController_iPad.xib */ = {isa = PBXFileReference; fileEncoding = 4; lastKnownFileType = file.xib; path = JJVPreviewViewController_iPad.xib; sourceTree = "<group>"; };
		7FA25309199FBDFA0069F2AB /* JJVWebViewController.h */ = {isa = PBXFileReference; fileEncoding = 4; lastKnownFileType = sourcecode.c.h; path = JJVWebViewController.h; sourceTree = "<group>"; };
		7FA2530A199FBDFA0069F2AB /* JJVWebViewController.m */ = {isa = PBXFileReference; fileEncoding = 4; lastKnownFileType = sourcecode.c.objc; path = JJVWebViewController.m; sourceTree = "<group>"; };
		7FA2530B199FBDFA0069F2AB /* JJVWebViewController.xib */ = {isa = PBXFileReference; fileEncoding = 4; lastKnownFileType = file.xib; path = JJVWebViewController.xib; sourceTree = "<group>"; };
		7FCF43521992B56C00D2087C /* JJVEventsTableViewCell.h */ = {isa = PBXFileReference; fileEncoding = 4; lastKnownFileType = sourcecode.c.h; path = JJVEventsTableViewCell.h; sourceTree = "<group>"; };
		7FCF43531992B56C00D2087C /* JJVEventsTableViewCell.m */ = {isa = PBXFileReference; fileEncoding = 4; lastKnownFileType = sourcecode.c.objc; path = JJVEventsTableViewCell.m; sourceTree = "<group>"; };
		7FCF43541992B56C00D2087C /* JJVEventsTableViewCell.xib */ = {isa = PBXFileReference; fileEncoding = 4; lastKnownFileType = file.xib; path = JJVEventsTableViewCell.xib; sourceTree = "<group>"; };
		7FCFED0C19C3A276003EA65D /* Bolts.framework */ = {isa = PBXFileReference; lastKnownFileType = wrapper.framework; path = Bolts.framework; sourceTree = "<group>"; };
		7FCFED0E19C3A281003EA65D /* Parse.framework */ = {isa = PBXFileReference; lastKnownFileType = wrapper.framework; path = Parse.framework; sourceTree = "<group>"; };
		7FCFED1019C3A321003EA65D /* AudioToolbox.framework */ = {isa = PBXFileReference; lastKnownFileType = wrapper.framework; name = AudioToolbox.framework; path = System/Library/Frameworks/AudioToolbox.framework; sourceTree = SDKROOT; };
		7FCFED1219C3A32C003EA65D /* CFNetwork.framework */ = {isa = PBXFileReference; lastKnownFileType = wrapper.framework; name = CFNetwork.framework; path = System/Library/Frameworks/CFNetwork.framework; sourceTree = SDKROOT; };
		7FCFED1419C3A33A003EA65D /* CoreLocation.framework */ = {isa = PBXFileReference; lastKnownFileType = wrapper.framework; name = CoreLocation.framework; path = System/Library/Frameworks/CoreLocation.framework; sourceTree = SDKROOT; };
		7FCFED1619C3A345003EA65D /* libz.dylib */ = {isa = PBXFileReference; lastKnownFileType = "compiled.mach-o.dylib"; name = libz.dylib; path = usr/lib/libz.dylib; sourceTree = SDKROOT; };
		7FCFED1819C3A350003EA65D /* MobileCoreServices.framework */ = {isa = PBXFileReference; lastKnownFileType = wrapper.framework; name = MobileCoreServices.framework; path = System/Library/Frameworks/MobileCoreServices.framework; sourceTree = SDKROOT; };
		7FCFED1A19C3A356003EA65D /* QuartzCore.framework */ = {isa = PBXFileReference; lastKnownFileType = wrapper.framework; name = QuartzCore.framework; path = System/Library/Frameworks/QuartzCore.framework; sourceTree = SDKROOT; };
		7FCFED1C19C3A35B003EA65D /* Security.framework */ = {isa = PBXFileReference; lastKnownFileType = wrapper.framework; name = Security.framework; path = System/Library/Frameworks/Security.framework; sourceTree = SDKROOT; };
		7FCFED1E19C3A361003EA65D /* StoreKit.framework */ = {isa = PBXFileReference; lastKnownFileType = wrapper.framework; name = StoreKit.framework; path = System/Library/Frameworks/StoreKit.framework; sourceTree = SDKROOT; };
		7FCFED2019C3A369003EA65D /* SystemConfiguration.framework */ = {isa = PBXFileReference; lastKnownFileType = wrapper.framework; name = SystemConfiguration.framework; path = System/Library/Frameworks/SystemConfiguration.framework; sourceTree = SDKROOT; };
		7FF95885199479AA0029D39D /* JJVSportsViewController.h */ = {isa = PBXFileReference; fileEncoding = 4; lastKnownFileType = sourcecode.c.h; path = JJVSportsViewController.h; sourceTree = "<group>"; };
		7FF95886199479AA0029D39D /* JJVSportsViewController.m */ = {isa = PBXFileReference; fileEncoding = 4; lastKnownFileType = sourcecode.c.objc; path = JJVSportsViewController.m; sourceTree = "<group>"; };
		7FF95887199479AA0029D39D /* JJVSportsViewController.xib */ = {isa = PBXFileReference; fileEncoding = 4; lastKnownFileType = file.xib; path = JJVSportsViewController.xib; sourceTree = "<group>"; };
/* End PBXFileReference section */

/* Begin PBXFrameworksBuildPhase section */
		7F98B2FF1954E5CE00C1A344 /* Frameworks */ = {
			isa = PBXFrameworksBuildPhase;
			buildActionMask = 2147483647;
			files = (
				7F13FD2819C3A7A8005649FD /* Accounts.framework in Frameworks */,
				7F13FD2A19C3A8D2005649FD /* FacebookSDK.framework in Frameworks */,
				7F13FD2619C3A798005649FD /* Social.framework in Frameworks */,
				7F98B3061954E5CE00C1A344 /* Foundation.framework in Frameworks */,
				7FCFED0F19C3A281003EA65D /* Parse.framework in Frameworks */,
				7FCFED2119C3A369003EA65D /* SystemConfiguration.framework in Frameworks */,
				7FCFED1F19C3A361003EA65D /* StoreKit.framework in Frameworks */,
				7FCFED1D19C3A35B003EA65D /* Security.framework in Frameworks */,
				7FCFED1B19C3A356003EA65D /* QuartzCore.framework in Frameworks */,
				7FCFED1919C3A350003EA65D /* MobileCoreServices.framework in Frameworks */,
				7FCFED1719C3A345003EA65D /* libz.dylib in Frameworks */,
				7FCFED1519C3A33A003EA65D /* CoreLocation.framework in Frameworks */,
				7F98B3081954E5CE00C1A344 /* CoreGraphics.framework in Frameworks */,
				7FCFED1319C3A32C003EA65D /* CFNetwork.framework in Frameworks */,
				7FCFED1119C3A321003EA65D /* AudioToolbox.framework in Frameworks */,
				7F98B30A1954E5CE00C1A344 /* UIKit.framework in Frameworks */,
				B5967AF94EE24B619635321E /* libPods-KnightNews.a in Frameworks */,
			);
			runOnlyForDeploymentPostprocessing = 0;
		};
		7F98B31A1954E5CE00C1A344 /* Frameworks */ = {
			isa = PBXFrameworksBuildPhase;
			buildActionMask = 2147483647;
			files = (
				7F98B31F1954E5CE00C1A344 /* XCTest.framework in Frameworks */,
				7F98B3211954E5CE00C1A344 /* UIKit.framework in Frameworks */,
				7F98B3201954E5CE00C1A344 /* Foundation.framework in Frameworks */,
			);
			runOnlyForDeploymentPostprocessing = 0;
		};
/* End PBXFrameworksBuildPhase section */

/* Begin PBXGroup section */
		7F98B2F91954E5CE00C1A344 = {
			isa = PBXGroup;
			children = (
				7F98B30B1954E5CE00C1A344 /* KnightNews */,
				7F98B3241954E5CE00C1A344 /* KnightNewsTests */,
				7F98B3041954E5CE00C1A344 /* Frameworks */,
				7F98B3031954E5CE00C1A344 /* Products */,
				204D10E97C3B476089833AD6 /* Pods-KnightNews.xcconfig */,
			);
			sourceTree = "<group>";
		};
		7F98B3031954E5CE00C1A344 /* Products */ = {
			isa = PBXGroup;
			children = (
				7F98B3021954E5CE00C1A344 /* KnightNews.app */,
				7F98B31D1954E5CE00C1A344 /* KnightNewsTests.xctest */,
			);
			name = Products;
			sourceTree = "<group>";
		};
		7F98B3041954E5CE00C1A344 /* Frameworks */ = {
			isa = PBXGroup;
			children = (
				7F13FD2919C3A8D2005649FD /* FacebookSDK.framework */,
				7F13FD2719C3A7A8005649FD /* Accounts.framework */,
				7F13FD2519C3A798005649FD /* Social.framework */,
				7FCFED2019C3A369003EA65D /* SystemConfiguration.framework */,
				7FCFED1E19C3A361003EA65D /* StoreKit.framework */,
				7FCFED1C19C3A35B003EA65D /* Security.framework */,
				7FCFED1A19C3A356003EA65D /* QuartzCore.framework */,
				7FCFED1819C3A350003EA65D /* MobileCoreServices.framework */,
				7FCFED1619C3A345003EA65D /* libz.dylib */,
				7FCFED1419C3A33A003EA65D /* CoreLocation.framework */,
				7FCFED1219C3A32C003EA65D /* CFNetwork.framework */,
				7FCFED1019C3A321003EA65D /* AudioToolbox.framework */,
				7FCFED0E19C3A281003EA65D /* Parse.framework */,
				7FCFED0C19C3A276003EA65D /* Bolts.framework */,
				7F98B3051954E5CE00C1A344 /* Foundation.framework */,
				7F98B3071954E5CE00C1A344 /* CoreGraphics.framework */,
				7F98B3091954E5CE00C1A344 /* UIKit.framework */,
				7F98B31E1954E5CE00C1A344 /* XCTest.framework */,
				1B6995472A89423EA9451C68 /* libPods-KnightNews.a */,
			);
			name = Frameworks;
			sourceTree = "<group>";
		};
		7F98B30B1954E5CE00C1A344 /* KnightNews */ = {
			isa = PBXGroup;
			children = (
				7F98B3141954E5CE00C1A344 /* JJVAppDelegate.h */,
				7F98B3151954E5CE00C1A344 /* JJVAppDelegate.m */,
				7F685A22199321A9003E9177 /* JJVPreviewViewController.h */,
				7F685A23199321A9003E9177 /* JJVPreviewViewController.m */,
				7F0534EA19A1801E008CCDD9 /* JJVPreviewViewController.xib */,
				7F1A940219985D350057873B /* JJVPreviewViewController_iphone4.xib */,
				7FA25307199FB3CE0069F2AB /* JJVPreviewViewController_iPad.xib */,
				7F0534EC19A1B187008CCDD9 /* JJVPreviewViewController_iPad-landscape.xib */,
				7F2B33CE1968E734006888CC /* JJVPageModelController.h */,
				7F2B33CF1968E734006888CC /* JJVPageModelController.m */,
				7F2B33D61968EE62006888CC /* JJVPageRootViewController.h */,
				7F2B33D71968EE62006888CC /* JJVPageRootViewController.m */,
				7F67D13B1996B92A002743E5 /* JJVMapViewController.h */,
				7F67D13C1996B92A002743E5 /* JJVMapViewController.m */,
				7F67D13D1996B92A002743E5 /* JJVMapViewController.xib */,
				7F98B3341954E61A00C1A344 /* JJVNewsTableViewController.h */,
				7F98B3351954E61A00C1A344 /* JJVNewsTableViewController.m */,
				7F2B33C61968BAC1006888CC /* JJVReaderViewController.h */,
				7F2B33C71968BAC1006888CC /* JJVReaderViewController.m */,
				7F2B33C81968BAC1006888CC /* JJVReaderViewController.xib */,
				7FF95885199479AA0029D39D /* JJVSportsViewController.h */,
				7FF95886199479AA0029D39D /* JJVSportsViewController.m */,
				7FF95887199479AA0029D39D /* JJVSportsViewController.xib */,
				7F0798B9195BBE8500D022A0 /* JJVStoryItem.h */,
				7F0798BA195BBE8500D022A0 /* JJVStoryItem.m */,
				7F0798BC195BC28800D022A0 /* JJVStoryItemStore.h */,
				7F0798BD195BC28800D022A0 /* JJVStoryItemStore.m */,
				7FCF43521992B56C00D2087C /* JJVEventsTableViewCell.h */,
				7FCF43531992B56C00D2087C /* JJVEventsTableViewCell.m */,
				7FCF43541992B56C00D2087C /* JJVEventsTableViewCell.xib */,
				7F61DE521991A02E00C90C83 /* JJVEventsTableViewController.h */,
				7F61DE531991A02E00C90C83 /* JJVEventsTableViewController.m */,
				7F685A2819941C4F003E9177 /* JJVEventsTableViewController.xib */,
				7F61DE551991A05600C90C83 /* JJVEventItem.h */,
				7F61DE561991A05600C90C83 /* JJVEventItem.m */,
				7FA25309199FBDFA0069F2AB /* JJVWebViewController.h */,
				7FA2530A199FBDFA0069F2AB /* JJVWebViewController.m */,
				7FA2530B199FBDFA0069F2AB /* JJVWebViewController.xib */,
				7F685A271993DCB6003E9177 /* Constants.h */,
				7F98B3171954E5CE00C1A344 /* Images.xcassets */,
				7F98B30C1954E5CE00C1A344 /* Supporting Files */,
			);
			path = KnightNews;
			sourceTree = "<group>";
		};
		7F98B30C1954E5CE00C1A344 /* Supporting Files */ = {
			isa = PBXGroup;
			children = (
				7F98B30D1954E5CE00C1A344 /* KnightNews-Info.plist */,
				7F98B30E1954E5CE00C1A344 /* InfoPlist.strings */,
				7F98B3111954E5CE00C1A344 /* main.m */,
				7F98B3131954E5CE00C1A344 /* KnightNews-Prefix.pch */,
			);
			name = "Supporting Files";
			sourceTree = "<group>";
		};
		7F98B3241954E5CE00C1A344 /* KnightNewsTests */ = {
			isa = PBXGroup;
			children = (
				7F98B32A1954E5CE00C1A344 /* KnightNewsTests.m */,
				7F98B3251954E5CE00C1A344 /* Supporting Files */,
			);
			path = KnightNewsTests;
			sourceTree = "<group>";
		};
		7F98B3251954E5CE00C1A344 /* Supporting Files */ = {
			isa = PBXGroup;
			children = (
				7F98B3261954E5CE00C1A344 /* KnightNewsTests-Info.plist */,
				7F98B3271954E5CE00C1A344 /* InfoPlist.strings */,
			);
			name = "Supporting Files";
			sourceTree = "<group>";
		};
/* End PBXGroup section */

/* Begin PBXNativeTarget section */
		7F98B3011954E5CE00C1A344 /* KnightNews */ = {
			isa = PBXNativeTarget;
			buildConfigurationList = 7F98B32E1954E5CE00C1A344 /* Build configuration list for PBXNativeTarget "KnightNews" */;
			buildPhases = (
				F3E6A964336D40FFA7480F66 /* Check Pods Manifest.lock */,
				7F98B2FE1954E5CE00C1A344 /* Sources */,
				7F98B2FF1954E5CE00C1A344 /* Frameworks */,
				7F98B3001954E5CE00C1A344 /* Resources */,
				2C97E4D5DA92479AB6B23670 /* Copy Pods Resources */,
			);
			buildRules = (
			);
			dependencies = (
			);
			name = KnightNews;
			productName = KnightNews;
			productReference = 7F98B3021954E5CE00C1A344 /* KnightNews.app */;
			productType = "com.apple.product-type.application";
		};
		7F98B31C1954E5CE00C1A344 /* KnightNewsTests */ = {
			isa = PBXNativeTarget;
			buildConfigurationList = 7F98B3311954E5CE00C1A344 /* Build configuration list for PBXNativeTarget "KnightNewsTests" */;
			buildPhases = (
				7F98B3191954E5CE00C1A344 /* Sources */,
				7F98B31A1954E5CE00C1A344 /* Frameworks */,
				7F98B31B1954E5CE00C1A344 /* Resources */,
			);
			buildRules = (
			);
			dependencies = (
				7F98B3231954E5CE00C1A344 /* PBXTargetDependency */,
			);
			name = KnightNewsTests;
			productName = KnightNewsTests;
			productReference = 7F98B31D1954E5CE00C1A344 /* KnightNewsTests.xctest */;
			productType = "com.apple.product-type.bundle.unit-test";
		};
/* End PBXNativeTarget section */

/* Begin PBXProject section */
		7F98B2FA1954E5CE00C1A344 /* Project object */ = {
			isa = PBXProject;
			attributes = {
				CLASSPREFIX = JJV;
				LastUpgradeCheck = 0510;
				ORGANIZATIONNAME = "james van gaasbeck";
				TargetAttributes = {
					7F98B3011954E5CE00C1A344 = {
						DevelopmentTeam = 2A26R2PHTD;
					};
					7F98B31C1954E5CE00C1A344 = {
						TestTargetID = 7F98B3011954E5CE00C1A344;
					};
				};
			};
			buildConfigurationList = 7F98B2FD1954E5CE00C1A344 /* Build configuration list for PBXProject "KnightNews" */;
			compatibilityVersion = "Xcode 3.2";
			developmentRegion = English;
			hasScannedForEncodings = 0;
			knownRegions = (
				en,
			);
			mainGroup = 7F98B2F91954E5CE00C1A344;
			productRefGroup = 7F98B3031954E5CE00C1A344 /* Products */;
			projectDirPath = "";
			projectRoot = "";
			targets = (
				7F98B3011954E5CE00C1A344 /* KnightNews */,
				7F98B31C1954E5CE00C1A344 /* KnightNewsTests */,
			);
		};
/* End PBXProject section */

/* Begin PBXResourcesBuildPhase section */
		7F98B3001954E5CE00C1A344 /* Resources */ = {
			isa = PBXResourcesBuildPhase;
			buildActionMask = 2147483647;
			files = (
				7F67D13F1996B92A002743E5 /* JJVMapViewController.xib in Resources */,
				7F685A2919941C4F003E9177 /* JJVEventsTableViewController.xib in Resources */,
				7FA2530D199FBDFA0069F2AB /* JJVWebViewController.xib in Resources */,
				7F98B3101954E5CE00C1A344 /* InfoPlist.strings in Resources */,
				7F98B3181954E5CE00C1A344 /* Images.xcassets in Resources */,
				7F2B33CA1968BAC1006888CC /* JJVReaderViewController.xib in Resources */,
				7FF95889199479AA0029D39D /* JJVSportsViewController.xib in Resources */,
				7F0534EB19A1801E008CCDD9 /* JJVPreviewViewController.xib in Resources */,
				7FA25308199FB3CE0069F2AB /* JJVPreviewViewController_iPad.xib in Resources */,
				7F0534ED19A1B187008CCDD9 /* JJVPreviewViewController_iPad-landscape.xib in Resources */,
				7F1A940319985D350057873B /* JJVPreviewViewController_iphone4.xib in Resources */,
				7FCF43561992B56C00D2087C /* JJVEventsTableViewCell.xib in Resources */,
			);
			runOnlyForDeploymentPostprocessing = 0;
		};
		7F98B31B1954E5CE00C1A344 /* Resources */ = {
			isa = PBXResourcesBuildPhase;
			buildActionMask = 2147483647;
			files = (
				7F98B3291954E5CE00C1A344 /* InfoPlist.strings in Resources */,
			);
			runOnlyForDeploymentPostprocessing = 0;
		};
/* End PBXResourcesBuildPhase section */

/* Begin PBXShellScriptBuildPhase section */
		2C97E4D5DA92479AB6B23670 /* Copy Pods Resources */ = {
			isa = PBXShellScriptBuildPhase;
			buildActionMask = 2147483647;
			files = (
			);
			inputPaths = (
			);
			name = "Copy Pods Resources";
			outputPaths = (
			);
			runOnlyForDeploymentPostprocessing = 0;
			shellPath = /bin/sh;
			shellScript = "\"${SRCROOT}/Pods/Pods-KnightNews-resources.sh\"\n";
			showEnvVarsInLog = 0;
		};
		F3E6A964336D40FFA7480F66 /* Check Pods Manifest.lock */ = {
			isa = PBXShellScriptBuildPhase;
			buildActionMask = 2147483647;
			files = (
			);
			inputPaths = (
			);
			name = "Check Pods Manifest.lock";
			outputPaths = (
			);
			runOnlyForDeploymentPostprocessing = 0;
			shellPath = /bin/sh;
			shellScript = "diff \"${PODS_ROOT}/../Podfile.lock\" \"${PODS_ROOT}/Manifest.lock\" > /dev/null\nif [[ $? != 0 ]] ; then\n    cat << EOM\nerror: The sandbox is not in sync with the Podfile.lock. Run 'pod install' or update your CocoaPods installation.\nEOM\n    exit 1\nfi\n";
			showEnvVarsInLog = 0;
		};
/* End PBXShellScriptBuildPhase section */

/* Begin PBXSourcesBuildPhase section */
		7F98B2FE1954E5CE00C1A344 /* Sources */ = {
			isa = PBXSourcesBuildPhase;
			buildActionMask = 2147483647;
			files = (
				7FF95888199479AA0029D39D /* JJVSportsViewController.m in Sources */,
				7FCF43551992B56C00D2087C /* JJVEventsTableViewCell.m in Sources */,
				7F685A25199321A9003E9177 /* JJVPreviewViewController.m in Sources */,
				7F98B3361954E61A00C1A344 /* JJVNewsTableViewController.m in Sources */,
				7F0798BB195BBE8500D022A0 /* JJVStoryItem.m in Sources */,
				7F61DE571991A05600C90C83 /* JJVEventItem.m in Sources */,
				7F61DE541991A02E00C90C83 /* JJVEventsTableViewController.m in Sources */,
				7F2B33D81968EE62006888CC /* JJVPageRootViewController.m in Sources */,
				7FA2530C199FBDFA0069F2AB /* JJVWebViewController.m in Sources */,
				7F98B3121954E5CE00C1A344 /* main.m in Sources */,
				7F98B3161954E5CE00C1A344 /* JJVAppDelegate.m in Sources */,
				7F67D13E1996B92A002743E5 /* JJVMapViewController.m in Sources */,
				7F2B33C91968BAC1006888CC /* JJVReaderViewController.m in Sources */,
				7F0798BE195BC28800D022A0 /* JJVStoryItemStore.m in Sources */,
				7F2B33D01968E734006888CC /* JJVPageModelController.m in Sources */,
			);
			runOnlyForDeploymentPostprocessing = 0;
		};
		7F98B3191954E5CE00C1A344 /* Sources */ = {
			isa = PBXSourcesBuildPhase;
			buildActionMask = 2147483647;
			files = (
				7F98B32B1954E5CE00C1A344 /* KnightNewsTests.m in Sources */,
			);
			runOnlyForDeploymentPostprocessing = 0;
		};
/* End PBXSourcesBuildPhase section */

/* Begin PBXTargetDependency section */
		7F98B3231954E5CE00C1A344 /* PBXTargetDependency */ = {
			isa = PBXTargetDependency;
			target = 7F98B3011954E5CE00C1A344 /* KnightNews */;
			targetProxy = 7F98B3221954E5CE00C1A344 /* PBXContainerItemProxy */;
		};
/* End PBXTargetDependency section */

/* Begin PBXVariantGroup section */
		7F98B30E1954E5CE00C1A344 /* InfoPlist.strings */ = {
			isa = PBXVariantGroup;
			children = (
				7F98B30F1954E5CE00C1A344 /* en */,
			);
			name = InfoPlist.strings;
			sourceTree = "<group>";
		};
		7F98B3271954E5CE00C1A344 /* InfoPlist.strings */ = {
			isa = PBXVariantGroup;
			children = (
				7F98B3281954E5CE00C1A344 /* en */,
			);
			name = InfoPlist.strings;
			sourceTree = "<group>";
		};
/* End PBXVariantGroup section */

/* Begin XCBuildConfiguration section */
		7F98B32C1954E5CE00C1A344 /* Debug */ = {
			isa = XCBuildConfiguration;
			buildSettings = {
				ALWAYS_SEARCH_USER_PATHS = NO;
				CLANG_CXX_LANGUAGE_STANDARD = "gnu++0x";
				CLANG_CXX_LIBRARY = "libc++";
				CLANG_ENABLE_MODULES = YES;
				CLANG_ENABLE_OBJC_ARC = YES;
				CLANG_WARN_BOOL_CONVERSION = YES;
				CLANG_WARN_CONSTANT_CONVERSION = YES;
				CLANG_WARN_DIRECT_OBJC_ISA_USAGE = YES_ERROR;
				CLANG_WARN_EMPTY_BODY = YES;
				CLANG_WARN_ENUM_CONVERSION = YES;
				CLANG_WARN_INT_CONVERSION = YES;
				CLANG_WARN_OBJC_ROOT_CLASS = YES_ERROR;
				CLANG_WARN__DUPLICATE_METHOD_MATCH = YES;
				CODE_SIGN_IDENTITY = "Apple Development IOS Push Services: com.sakison.KnightNews";
				"CODE_SIGN_IDENTITY[sdk=iphoneos*]" = "Apple Development IOS Push Services: com.sakison.KnightNews";
				COPY_PHASE_STRIP = NO;
				GCC_C_LANGUAGE_STANDARD = gnu99;
				GCC_DYNAMIC_NO_PIC = NO;
				GCC_OPTIMIZATION_LEVEL = 0;
				GCC_PREPROCESSOR_DEFINITIONS = (
					"DEBUG=1",
					"$(inherited)",
				);
				GCC_SYMBOLS_PRIVATE_EXTERN = NO;
				GCC_WARN_64_TO_32_BIT_CONVERSION = YES;
				GCC_WARN_ABOUT_RETURN_TYPE = YES_ERROR;
				GCC_WARN_UNDECLARED_SELECTOR = YES;
				GCC_WARN_UNINITIALIZED_AUTOS = YES_AGGRESSIVE;
				GCC_WARN_UNUSED_FUNCTION = YES;
				GCC_WARN_UNUSED_VARIABLE = YES;
				IPHONEOS_DEPLOYMENT_TARGET = 7.1;
				ONLY_ACTIVE_ARCH = YES;
				SDKROOT = iphoneos;
				TARGETED_DEVICE_FAMILY = 2;
			};
			name = Debug;
		};
		7F98B32D1954E5CE00C1A344 /* Release */ = {
			isa = XCBuildConfiguration;
			buildSettings = {
				ALWAYS_SEARCH_USER_PATHS = NO;
				CLANG_CXX_LANGUAGE_STANDARD = "gnu++0x";
				CLANG_CXX_LIBRARY = "libc++";
				CLANG_ENABLE_MODULES = YES;
				CLANG_ENABLE_OBJC_ARC = YES;
				CLANG_WARN_BOOL_CONVERSION = YES;
				CLANG_WARN_CONSTANT_CONVERSION = YES;
				CLANG_WARN_DIRECT_OBJC_ISA_USAGE = YES_ERROR;
				CLANG_WARN_EMPTY_BODY = YES;
				CLANG_WARN_ENUM_CONVERSION = YES;
				CLANG_WARN_INT_CONVERSION = YES;
				CLANG_WARN_OBJC_ROOT_CLASS = YES_ERROR;
				CLANG_WARN__DUPLICATE_METHOD_MATCH = YES;
				CODE_SIGN_IDENTITY = "Apple Development IOS Push Services: com.sakison.KnightNews";
				"CODE_SIGN_IDENTITY[sdk=iphoneos*]" = "Apple Development IOS Push Services: com.sakison.KnightNews";
				COPY_PHASE_STRIP = YES;
				ENABLE_NS_ASSERTIONS = NO;
				GCC_C_LANGUAGE_STANDARD = gnu99;
				GCC_WARN_64_TO_32_BIT_CONVERSION = YES;
				GCC_WARN_ABOUT_RETURN_TYPE = YES_ERROR;
				GCC_WARN_UNDECLARED_SELECTOR = YES;
				GCC_WARN_UNINITIALIZED_AUTOS = YES_AGGRESSIVE;
				GCC_WARN_UNUSED_FUNCTION = YES;
				GCC_WARN_UNUSED_VARIABLE = YES;
				IPHONEOS_DEPLOYMENT_TARGET = 7.1;
				SDKROOT = iphoneos;
				TARGETED_DEVICE_FAMILY = 2;
				VALIDATE_PRODUCT = YES;
			};
			name = Release;
		};
		7F98B32F1954E5CE00C1A344 /* Debug */ = {
			isa = XCBuildConfiguration;
			baseConfigurationReference = 204D10E97C3B476089833AD6 /* Pods-KnightNews.xcconfig */;
			buildSettings = {
				ASSETCATALOG_COMPILER_APPICON_NAME = AppIcon;
				ASSETCATALOG_COMPILER_LAUNCHIMAGE_NAME = LaunchImage;
				CODE_SIGN_IDENTITY = "iPhone Developer";
				"CODE_SIGN_IDENTITY[sdk=iphoneos*]" = "iPhone Developer";
				FRAMEWORK_SEARCH_PATHS = (
					"$(inherited)",
					"$(PROJECT_DIR)",
				);
				GCC_PRECOMPILE_PREFIX_HEADER = YES;
				GCC_PREFIX_HEADER = "KnightNews/KnightNews-Prefix.pch";
				INFOPLIST_FILE = "KnightNews/KnightNews-Info.plist";
				PRODUCT_NAME = "$(TARGET_NAME)";
				PROVISIONING_PROFILE = "";
				TARGETED_DEVICE_FAMILY = 1;
				WRAPPER_EXTENSION = app;
			};
			name = Debug;
		};
		7F98B3301954E5CE00C1A344 /* Release */ = {
			isa = XCBuildConfiguration;
			baseConfigurationReference = 204D10E97C3B476089833AD6 /* Pods-KnightNews.xcconfig */;
			buildSettings = {
				ASSETCATALOG_COMPILER_APPICON_NAME = AppIcon;
				ASSETCATALOG_COMPILER_LAUNCHIMAGE_NAME = LaunchImage;
				CODE_SIGN_IDENTITY = "iPhone Developer";
				"CODE_SIGN_IDENTITY[sdk=iphoneos*]" = "iPhone Developer";
				FRAMEWORK_SEARCH_PATHS = (
					"$(inherited)",
					"$(PROJECT_DIR)",
				);
				GCC_PRECOMPILE_PREFIX_HEADER = YES;
				GCC_PREFIX_HEADER = "KnightNews/KnightNews-Prefix.pch";
				INFOPLIST_FILE = "KnightNews/KnightNews-Info.plist";
				PRODUCT_NAME = "$(TARGET_NAME)";
				PROVISIONING_PROFILE = "";
				TARGETED_DEVICE_FAMILY = 1;
				WRAPPER_EXTENSION = app;
			};
			name = Release;
		};
		7F98B3321954E5CE00C1A344 /* Debug */ = {
			isa = XCBuildConfiguration;
			buildSettings = {
				BUNDLE_LOADER = "$(BUILT_PRODUCTS_DIR)/KnightNews.app/KnightNews";
				FRAMEWORK_SEARCH_PATHS = (
					"$(SDKROOT)/Developer/Library/Frameworks",
					"$(inherited)",
					"$(DEVELOPER_FRAMEWORKS_DIR)",
				);
				GCC_PRECOMPILE_PREFIX_HEADER = YES;
				GCC_PREFIX_HEADER = "KnightNews/KnightNews-Prefix.pch";
				GCC_PREPROCESSOR_DEFINITIONS = (
					"DEBUG=1",
					"$(inherited)",
				);
				INFOPLIST_FILE = "KnightNewsTests/KnightNewsTests-Info.plist";
				PRODUCT_NAME = "$(TARGET_NAME)";
				TEST_HOST = "$(BUNDLE_LOADER)";
				WRAPPER_EXTENSION = xctest;
			};
			name = Debug;
		};
		7F98B3331954E5CE00C1A344 /* Release */ = {
			isa = XCBuildConfiguration;
			buildSettings = {
				BUNDLE_LOADER = "$(BUILT_PRODUCTS_DIR)/KnightNews.app/KnightNews";
				FRAMEWORK_SEARCH_PATHS = (
					"$(SDKROOT)/Developer/Library/Frameworks",
					"$(inherited)",
					"$(DEVELOPER_FRAMEWORKS_DIR)",
				);
				GCC_PRECOMPILE_PREFIX_HEADER = YES;
				GCC_PREFIX_HEADER = "KnightNews/KnightNews-Prefix.pch";
				INFOPLIST_FILE = "KnightNewsTests/KnightNewsTests-Info.plist";
				PRODUCT_NAME = "$(TARGET_NAME)";
				TEST_HOST = "$(BUNDLE_LOADER)";
				WRAPPER_EXTENSION = xctest;
			};
			name = Release;
		};
/* End XCBuildConfiguration section */

/* Begin XCConfigurationList section */
		7F98B2FD1954E5CE00C1A344 /* Build configuration list for PBXProject "KnightNews" */ = {
			isa = XCConfigurationList;
			buildConfigurations = (
				7F98B32C1954E5CE00C1A344 /* Debug */,
				7F98B32D1954E5CE00C1A344 /* Release */,
			);
			defaultConfigurationIsVisible = 0;
			defaultConfigurationName = Release;
		};
		7F98B32E1954E5CE00C1A344 /* Build configuration list for PBXNativeTarget "KnightNews" */ = {
			isa = XCConfigurationList;
			buildConfigurations = (
				7F98B32F1954E5CE00C1A344 /* Debug */,
				7F98B3301954E5CE00C1A344 /* Release */,
			);
			defaultConfigurationIsVisible = 0;
			defaultConfigurationName = Release;
		};
		7F98B3311954E5CE00C1A344 /* Build configuration list for PBXNativeTarget "KnightNewsTests" */ = {
			isa = XCConfigurationList;
			buildConfigurations = (
				7F98B3321954E5CE00C1A344 /* Debug */,
				7F98B3331954E5CE00C1A344 /* Release */,
			);
			defaultConfigurationIsVisible = 0;
			defaultConfigurationName = Release;
		};
/* End XCConfigurationList section */
	};
	rootObject = 7F98B2FA1954E5CE00C1A344 /* Project object */;
}
